<Solution>
  <Project Path="QuantityMeasurement/QuantityMeasurement.csproj" />
  <Project Path="QuantityMeasurement.Models/QuantityMeasurement.Models.csproj" />
  <Project Path="QuantityMeasurement.Repository/QuantityMeasurement.Repository.csproj" />
  <Project Path="QuantityMeasurement.Service/QuantityMeasurement.Service.csproj" />
  <Project Path="QuantityMeasurement.Controllers/QuantityMeasurement.Controllers.csproj" />
  <Project Path="QuantityMeasurement.Tests/QuantityMeasurement.Tests.csproj" />
</Solution>
